// !$*UTF8*$!
{
	archiveVersion = 1;
	classes = {
	};
	objectVersion = 60;
	objects = {

/* Begin PBXBuildFile section */
		D657A2E22CBA681B00B6AF10 /* Demonstration.h in Headers */ = {isa = PBXBuildFile; fileRef = D657A2E12CBA681B00B6AF10 /* Demonstration.h */; settings = {ATTRIBUTES = (Public, ); }; };
		D657A5172CBA6B6200B6AF10 /* DemoUtilsMainViewModel.swift in Sources */ = {isa = PBXBuildFile; fileRef = D657A4FD2CBA6B6200B6AF10 /* DemoUtilsMainViewModel.swift */; };
		D657A5182CBA6B6200B6AF10 /* DemoUtilsRequestsView.swift in Sources */ = {isa = PBXBuildFile; fileRef = D657A5092CBA6B6200B6AF10 /* DemoUtilsRequestsView.swift */; };
		D657A5192CBA6B6200B6AF10 /* DemoUtilsFeature.swift in Sources */ = {isa = PBXBuildFile; fileRef = D657A50D2CBA6B6200B6AF10 /* DemoUtilsFeature.swift */; };
		D657A51A2CBA6B6200B6AF10 /* DemoUtilsMainFeature.swift in Sources */ = {isa = PBXBuildFile; fileRef = D657A4F92CBA6B6200B6AF10 /* DemoUtilsMainFeature.swift */; };
		D657A51B2CBA6B6200B6AF10 /* DemoUtilsEditRequestFeature.swift in Sources */ = {isa = PBXBuildFile; fileRef = D657A4EF2CBA6B6200B6AF10 /* DemoUtilsEditRequestFeature.swift */; };
		D657A51C2CBA6B6200B6AF10 /* DemoUtilsEditRequestView.swift in Sources */ = {isa = PBXBuildFile; fileRef = D657A4F52CBA6B6200B6AF10 /* DemoUtilsEditRequestView.swift */; };
		D657A51D2CBA6B6200B6AF10 /* DemoUtilsMainView.swift in Sources */ = {isa = PBXBuildFile; fileRef = D657A4FF2CBA6B6200B6AF10 /* DemoUtilsMainView.swift */; };
		D657A51E2CBA6B6200B6AF10 /* DemoUtilsRequestsViewModel.swift in Sources */ = {isa = PBXBuildFile; fileRef = D657A5072CBA6B6200B6AF10 /* DemoUtilsRequestsViewModel.swift */; };
		D657A51F2CBA6B6200B6AF10 /* DemoUtilsRequestsFeature.swift in Sources */ = {isa = PBXBuildFile; fileRef = D657A5032CBA6B6200B6AF10 /* DemoUtilsRequestsFeature.swift */; };
		D657A5202CBA6B6200B6AF10 /* DemoUtilsEditRequestViewModel.swift in Sources */ = {isa = PBXBuildFile; fileRef = D657A4F32CBA6B6200B6AF10 /* DemoUtilsEditRequestViewModel.swift */; };
		D657A5212CBA6B6200B6AF10 /* DemoUtilsMain+Make.swift in Sources */ = {isa = PBXBuildFile; fileRef = D657A4F82CBA6B6200B6AF10 /* DemoUtilsMain+Make.swift */; };
		D657A5222CBA6B6200B6AF10 /* DemoRemoteRequests.swift in Sources */ = {isa = PBXBuildFile; fileRef = D657A5052CBA6B6200B6AF10 /* DemoRemoteRequests.swift */; };
		D657A5232CBA6B6200B6AF10 /* DemoRemoteRequestItem.swift in Sources */ = {isa = PBXBuildFile; fileRef = D657A4F12CBA6B6200B6AF10 /* DemoRemoteRequestItem.swift */; };
		D657A5242CBA6B6200B6AF10 /* DemoUtilsView.swift in Sources */ = {isa = PBXBuildFile; fileRef = D657A5112CBA6B6200B6AF10 /* DemoUtilsView.swift */; };
		D657A5252CBA6B6200B6AF10 /* DemoUtilsFlow.swift in Sources */ = {isa = PBXBuildFile; fileRef = D657A50F2CBA6B6200B6AF10 /* DemoUtilsFlow.swift */; };
		D657A5262CBA6B6200B6AF10 /* DemoUtils+Make.swift in Sources */ = {isa = PBXBuildFile; fileRef = D657A50C2CBA6B6200B6AF10 /* DemoUtils+Make.swift */; };
		D657A5272CBA6B6200B6AF10 /* DemoUtilsEditRequest+Make.swift in Sources */ = {isa = PBXBuildFile; fileRef = D657A4EE2CBA6B6200B6AF10 /* DemoUtilsEditRequest+Make.swift */; };
		D657A5282CBA6B6200B6AF10 /* ShakableViewRepresentable.swift in Sources */ = {isa = PBXBuildFile; fileRef = D657A5122CBA6B6200B6AF10 /* ShakableViewRepresentable.swift */; };
		D657A5292CBA6B6200B6AF10 /* DemoUtilsRequests+Make.swift in Sources */ = {isa = PBXBuildFile; fileRef = D657A5022CBA6B6200B6AF10 /* DemoUtilsRequests+Make.swift */; };
		D657A52A2CBA6B6200B6AF10 /* DemoUtilsModel.swift in Sources */ = {isa = PBXBuildFile; fileRef = D657A4FB2CBA6B6200B6AF10 /* DemoUtilsModel.swift */; };
		D657A52B2CBA6B6200B6AF10 /* View+DemoUtils.swift in Sources */ = {isa = PBXBuildFile; fileRef = D657A5132CBA6B6200B6AF10 /* View+DemoUtils.swift */; };
/* End PBXBuildFile section */

/* Begin PBXFileReference section */
		D657A2E12CBA681B00B6AF10 /* Demonstration.h */ = {isa = PBXFileReference; lastKnownFileType = sourcecode.c.h; path = Demonstration.h; sourceTree = "<group>"; };
		D657A4EE2CBA6B6200B6AF10 /* DemoUtilsEditRequest+Make.swift */ = {isa = PBXFileReference; lastKnownFileType = sourcecode.swift; path = "DemoUtilsEditRequest+Make.swift"; sourceTree = "<group>"; };
		D657A4EF2CBA6B6200B6AF10 /* DemoUtilsEditRequestFeature.swift */ = {isa = PBXFileReference; lastKnownFileType = sourcecode.swift; path = DemoUtilsEditRequestFeature.swift; sourceTree = "<group>"; };
		D657A4F12CBA6B6200B6AF10 /* DemoRemoteRequestItem.swift */ = {isa = PBXFileReference; lastKnownFileType = sourcecode.swift; path = DemoRemoteRequestItem.swift; sourceTree = "<group>"; };
		D657A4F32CBA6B6200B6AF10 /* DemoUtilsEditRequestViewModel.swift */ = {isa = PBXFileReference; lastKnownFileType = sourcecode.swift; path = DemoUtilsEditRequestViewModel.swift; sourceTree = "<group>"; };
		D657A4F52CBA6B6200B6AF10 /* DemoUtilsEditRequestView.swift */ = {isa = PBXFileReference; lastKnownFileType = sourcecode.swift; path = DemoUtilsEditRequestView.swift; sourceTree = "<group>"; };
		D657A4F82CBA6B6200B6AF10 /* DemoUtilsMain+Make.swift */ = {isa = PBXFileReference; lastKnownFileType = sourcecode.swift; path = "DemoUtilsMain+Make.swift"; sourceTree = "<group>"; };
		D657A4F92CBA6B6200B6AF10 /* DemoUtilsMainFeature.swift */ = {isa = PBXFileReference; lastKnownFileType = sourcecode.swift; path = DemoUtilsMainFeature.swift; sourceTree = "<group>"; };
		D657A4FB2CBA6B6200B6AF10 /* DemoUtilsModel.swift */ = {isa = PBXFileReference; lastKnownFileType = sourcecode.swift; path = DemoUtilsModel.swift; sourceTree = "<group>"; };
		D657A4FD2CBA6B6200B6AF10 /* DemoUtilsMainViewModel.swift */ = {isa = PBXFileReference; lastKnownFileType = sourcecode.swift; path = DemoUtilsMainViewModel.swift; sourceTree = "<group>"; };
		D657A4FF2CBA6B6200B6AF10 /* DemoUtilsMainView.swift */ = {isa = PBXFileReference; lastKnownFileType = sourcecode.swift; path = DemoUtilsMainView.swift; sourceTree = "<group>"; };
		D657A5022CBA6B6200B6AF10 /* DemoUtilsRequests+Make.swift */ = {isa = PBXFileReference; lastKnownFileType = sourcecode.swift; path = "DemoUtilsRequests+Make.swift"; sourceTree = "<group>"; };
		D657A5032CBA6B6200B6AF10 /* DemoUtilsRequestsFeature.swift */ = {isa = PBXFileReference; lastKnownFileType = sourcecode.swift; path = DemoUtilsRequestsFeature.swift; sourceTree = "<group>"; };
		D657A5052CBA6B6200B6AF10 /* DemoRemoteRequests.swift */ = {isa = PBXFileReference; lastKnownFileType = sourcecode.swift; path = DemoRemoteRequests.swift; sourceTree = "<group>"; };
		D657A5072CBA6B6200B6AF10 /* DemoUtilsRequestsViewModel.swift */ = {isa = PBXFileReference; lastKnownFileType = sourcecode.swift; path = DemoUtilsRequestsViewModel.swift; sourceTree = "<group>"; };
		D657A5092CBA6B6200B6AF10 /* DemoUtilsRequestsView.swift */ = {isa = PBXFileReference; lastKnownFileType = sourcecode.swift; path = DemoUtilsRequestsView.swift; sourceTree = "<group>"; };
		D657A50C2CBA6B6200B6AF10 /* DemoUtils+Make.swift */ = {isa = PBXFileReference; lastKnownFileType = sourcecode.swift; path = "DemoUtils+Make.swift"; sourceTree = "<group>"; };
		D657A50D2CBA6B6200B6AF10 /* DemoUtilsFeature.swift */ = {isa = PBXFileReference; lastKnownFileType = sourcecode.swift; path = DemoUtilsFeature.swift; sourceTree = "<group>"; };
		D657A50F2CBA6B6200B6AF10 /* DemoUtilsFlow.swift */ = {isa = PBXFileReference; lastKnownFileType = sourcecode.swift; path = DemoUtilsFlow.swift; sourceTree = "<group>"; };
		D657A5112CBA6B6200B6AF10 /* DemoUtilsView.swift */ = {isa = PBXFileReference; lastKnownFileType = sourcecode.swift; path = DemoUtilsView.swift; sourceTree = "<group>"; };
		D657A5122CBA6B6200B6AF10 /* ShakableViewRepresentable.swift */ = {isa = PBXFileReference; lastKnownFileType = sourcecode.swift; path = ShakableViewRepresentable.swift; sourceTree = "<group>"; };
		D657A5132CBA6B6200B6AF10 /* View+DemoUtils.swift */ = {isa = PBXFileReference; lastKnownFileType = sourcecode.swift; path = "View+DemoUtils.swift"; sourceTree = "<group>"; };
		D6AB62B82CBA8256008371DC /* Demonstration.framework */ = {isa = PBXFileReference; explicitFileType = wrapper.framework; includeInIndex = 0; name = Demonstration.framework; path = "/Users/klyotskin/Desktop/just-chat-ios/Demonstration/build/Debug-iphoneos/Demonstration.framework"; sourceTree = "<absolute>"; };
/* End PBXFileReference section */

/* Begin PBXFrameworksBuildPhase section */
		D657A2DC2CBA681B00B6AF10 /* Frameworks */ = {
			isa = PBXFrameworksBuildPhase;
			buildActionMask = 2147483647;
			files = (
			);
			runOnlyForDeploymentPostprocessing = 0;
		};
/* End PBXFrameworksBuildPhase section */

/* Begin PBXGroup section */
		D657A4F02CBA6B6200B6AF10 /* Composition */ = {
			isa = PBXGroup;
			children = (
				D657A4EE2CBA6B6200B6AF10 /* DemoUtilsEditRequest+Make.swift */,
				D657A4EF2CBA6B6200B6AF10 /* DemoUtilsEditRequestFeature.swift */,
			);
			path = Composition;
			sourceTree = "<group>";
		};
		D657A4F22CBA6B6200B6AF10 /* Models */ = {
			isa = PBXGroup;
			children = (
				D657A4F12CBA6B6200B6AF10 /* DemoRemoteRequestItem.swift */,
			);
			path = Models;
			sourceTree = "<group>";
		};
		D657A4F42CBA6B6200B6AF10 /* Presentation */ = {
			isa = PBXGroup;
			children = (
				D657A4F32CBA6B6200B6AF10 /* DemoUtilsEditRequestViewModel.swift */,
			);
			path = Presentation;
			sourceTree = "<group>";
		};
		D657A4F62CBA6B6200B6AF10 /* UI */ = {
			isa = PBXGroup;
			children = (
				D657A4F52CBA6B6200B6AF10 /* DemoUtilsEditRequestView.swift */,
			);
			path = UI;
			sourceTree = "<group>";
		};
		D657A4F72CBA6B6200B6AF10 /* EditRequest */ = {
			isa = PBXGroup;
			children = (
				D657A4F02CBA6B6200B6AF10 /* Composition */,
				D657A4F22CBA6B6200B6AF10 /* Models */,
				D657A4F42CBA6B6200B6AF10 /* Presentation */,
				D657A4F62CBA6B6200B6AF10 /* UI */,
			);
			path = EditRequest;
			sourceTree = "<group>";
		};
		D657A4FA2CBA6B6200B6AF10 /* Composition */ = {
			isa = PBXGroup;
			children = (
				D657A4F82CBA6B6200B6AF10 /* DemoUtilsMain+Make.swift */,
				D657A4F92CBA6B6200B6AF10 /* DemoUtilsMainFeature.swift */,
			);
			path = Composition;
			sourceTree = "<group>";
		};
		D657A4FC2CBA6B6200B6AF10 /* Domain */ = {
			isa = PBXGroup;
			children = (
				D657A4FB2CBA6B6200B6AF10 /* DemoUtilsModel.swift */,
			);
			path = Domain;
			sourceTree = "<group>";
		};
		D657A4FE2CBA6B6200B6AF10 /* Presentation */ = {
			isa = PBXGroup;
			children = (
				D657A4FD2CBA6B6200B6AF10 /* DemoUtilsMainViewModel.swift */,
			);
			path = Presentation;
			sourceTree = "<group>";
		};
		D657A5002CBA6B6200B6AF10 /* UI */ = {
			isa = PBXGroup;
			children = (
				D657A4FF2CBA6B6200B6AF10 /* DemoUtilsMainView.swift */,
			);
			path = UI;
			sourceTree = "<group>";
		};
		D657A5012CBA6B6200B6AF10 /* MainScreen */ = {
			isa = PBXGroup;
			children = (
				D657A4FA2CBA6B6200B6AF10 /* Composition */,
				D657A4FC2CBA6B6200B6AF10 /* Domain */,
				D657A4FE2CBA6B6200B6AF10 /* Presentation */,
				D657A5002CBA6B6200B6AF10 /* UI */,
			);
			path = MainScreen;
			sourceTree = "<group>";
		};
		D657A5042CBA6B6200B6AF10 /* Composition */ = {
			isa = PBXGroup;
			children = (
				D657A5022CBA6B6200B6AF10 /* DemoUtilsRequests+Make.swift */,
				D657A5032CBA6B6200B6AF10 /* DemoUtilsRequestsFeature.swift */,
			);
			path = Composition;
			sourceTree = "<group>";
		};
		D657A5062CBA6B6200B6AF10 /* Domain */ = {
			isa = PBXGroup;
			children = (
				D657A5052CBA6B6200B6AF10 /* DemoRemoteRequests.swift */,
			);
			path = Domain;
			sourceTree = "<group>";
		};
		D657A5082CBA6B6200B6AF10 /* Presentation */ = {
			isa = PBXGroup;
			children = (
				D657A5072CBA6B6200B6AF10 /* DemoUtilsRequestsViewModel.swift */,
			);
			path = Presentation;
			sourceTree = "<group>";
		};
		D657A50A2CBA6B6200B6AF10 /* UI */ = {
			isa = PBXGroup;
			children = (
				D657A5092CBA6B6200B6AF10 /* DemoUtilsRequestsView.swift */,
			);
			path = UI;
			sourceTree = "<group>";
		};
		D657A50B2CBA6B6200B6AF10 /* Requests */ = {
			isa = PBXGroup;
			children = (
				D657A5042CBA6B6200B6AF10 /* Composition */,
				D657A5062CBA6B6200B6AF10 /* Domain */,
				D657A5082CBA6B6200B6AF10 /* Presentation */,
				D657A50A2CBA6B6200B6AF10 /* UI */,
			);
			path = Requests;
			sourceTree = "<group>";
		};
		D657A50E2CBA6B6200B6AF10 /* Composition */ = {
			isa = PBXGroup;
			children = (
				D657A50C2CBA6B6200B6AF10 /* DemoUtils+Make.swift */,
				D657A50D2CBA6B6200B6AF10 /* DemoUtilsFeature.swift */,
			);
			path = Composition;
			sourceTree = "<group>";
		};
		D657A5102CBA6B6200B6AF10 /* Presentation */ = {
			isa = PBXGroup;
			children = (
				D657A50F2CBA6B6200B6AF10 /* DemoUtilsFlow.swift */,
			);
			path = Presentation;
			sourceTree = "<group>";
		};
		D657A5142CBA6B6200B6AF10 /* UI */ = {
			isa = PBXGroup;
			children = (
				D657A5112CBA6B6200B6AF10 /* DemoUtilsView.swift */,
				D657A5122CBA6B6200B6AF10 /* ShakableViewRepresentable.swift */,
				D657A5132CBA6B6200B6AF10 /* View+DemoUtils.swift */,
			);
			path = UI;
			sourceTree = "<group>";
		};
		D657A5152CBA6B6200B6AF10 /* Root */ = {
			isa = PBXGroup;
			children = (
				D657A50E2CBA6B6200B6AF10 /* Composition */,
				D657A5102CBA6B6200B6AF10 /* Presentation */,
				D657A5142CBA6B6200B6AF10 /* UI */,
			);
			path = Root;
			sourceTree = "<group>";
		};
		D657A5162CBA6B6200B6AF10 /* DemoUtils */ = {
			isa = PBXGroup;
			children = (
				D657A5152CBA6B6200B6AF10 /* Root */,
				D657A5012CBA6B6200B6AF10 /* MainScreen */,
				D657A50B2CBA6B6200B6AF10 /* Requests */,
				D657A4F72CBA6B6200B6AF10 /* EditRequest */,
			);
			path = DemoUtils;
			sourceTree = "<group>";
		};
		D657A52C2CBA6B6500B6AF10 /* Demonstration */ = {
			isa = PBXGroup;
			children = (
				D657A5162CBA6B6200B6AF10 /* DemoUtils */,
				D657A2E12CBA681B00B6AF10 /* Demonstration.h */,
			);
			path = Demonstration;
			sourceTree = "<group>";
		};
		D6B877452CA9923E00424EBD = {
			isa = PBXGroup;
			children = (
				D657A52C2CBA6B6500B6AF10 /* Demonstration */,
			);
			sourceTree = "<group>";
		};
/* End PBXGroup section */

/* Begin PBXHeadersBuildPhase section */
		D657A2DA2CBA681B00B6AF10 /* Headers */ = {
			isa = PBXHeadersBuildPhase;
			buildActionMask = 2147483647;
			files = (
				D657A2E22CBA681B00B6AF10 /* Demonstration.h in Headers */,
			);
			runOnlyForDeploymentPostprocessing = 0;
		};
/* End PBXHeadersBuildPhase section */

/* Begin PBXNativeTarget section */
		D657A2DE2CBA681B00B6AF10 /* Demonstration */ = {
			isa = PBXNativeTarget;
			buildConfigurationList = D657A2E42CBA681B00B6AF10 /* Build configuration list for PBXNativeTarget "Demonstration" */;
			buildPhases = (
				D657A2DA2CBA681B00B6AF10 /* Headers */,
				D657A2DB2CBA681B00B6AF10 /* Sources */,
				D657A2DC2CBA681B00B6AF10 /* Frameworks */,
				D657A2DD2CBA681B00B6AF10 /* Resources */,
			);
			buildRules = (
			);
			dependencies = (
			);
			name = Demonstration;
			packageProductDependencies = (
			);
			productName = Demonstration;
			productReference = D6AB62B82CBA8256008371DC /* Demonstration.framework */;
			productType = "com.apple.product-type.framework";
		};
/* End PBXNativeTarget section */

/* Begin PBXProject section */
		D6B877462CA9923E00424EBD /* Project object */ = {
			isa = PBXProject;
			attributes = {
				BuildIndependentTargetsInParallel = 1;
				LastUpgradeCheck = 1600;
				TargetAttributes = {
					D657A2DE2CBA681B00B6AF10 = {
						CreatedOnToolsVersion = 16.0;
					};
				};
			};
			buildConfigurationList = D6B877492CA9923E00424EBD /* Build configuration list for PBXProject "Demonstration" */;
			compatibilityVersion = "Xcode 15.0";
			developmentRegion = en;
			hasScannedForEncodings = 0;
			knownRegions = (
				en,
				Base,
			);
			mainGroup = D6B877452CA9923E00424EBD;
			productRefGroup = D6B877452CA9923E00424EBD;
			projectDirPath = "";
			projectRoot = "";
			targets = (
				D657A2DE2CBA681B00B6AF10 /* Demonstration */,
			);
		};
/* End PBXProject section */

/* Begin PBXResourcesBuildPhase section */
		D657A2DD2CBA681B00B6AF10 /* Resources */ = {
			isa = PBXResourcesBuildPhase;
			buildActionMask = 2147483647;
			files = (
			);
			runOnlyForDeploymentPostprocessing = 0;
		};
/* End PBXResourcesBuildPhase section */

/* Begin PBXSourcesBuildPhase section */
		D657A2DB2CBA681B00B6AF10 /* Sources */ = {
			isa = PBXSourcesBuildPhase;
			buildActionMask = 2147483647;
			files = (
				D657A5172CBA6B6200B6AF10 /* DemoUtilsMainViewModel.swift in Sources */,
				D657A5182CBA6B6200B6AF10 /* DemoUtilsRequestsView.swift in Sources */,
				D657A5192CBA6B6200B6AF10 /* DemoUtilsFeature.swift in Sources */,
				D657A51A2CBA6B6200B6AF10 /* DemoUtilsMainFeature.swift in Sources */,
				D657A51B2CBA6B6200B6AF10 /* DemoUtilsEditRequestFeature.swift in Sources */,
				D657A51C2CBA6B6200B6AF10 /* DemoUtilsEditRequestView.swift in Sources */,
				D657A51D2CBA6B6200B6AF10 /* DemoUtilsMainView.swift in Sources */,
				D657A51E2CBA6B6200B6AF10 /* DemoUtilsRequestsViewModel.swift in Sources */,
				D657A51F2CBA6B6200B6AF10 /* DemoUtilsRequestsFeature.swift in Sources */,
				D657A5202CBA6B6200B6AF10 /* DemoUtilsEditRequestViewModel.swift in Sources */,
				D657A5212CBA6B6200B6AF10 /* DemoUtilsMain+Make.swift in Sources */,
				D657A5222CBA6B6200B6AF10 /* DemoRemoteRequests.swift in Sources */,
				D657A5232CBA6B6200B6AF10 /* DemoRemoteRequestItem.swift in Sources */,
				D657A5242CBA6B6200B6AF10 /* DemoUtilsView.swift in Sources */,
				D657A5252CBA6B6200B6AF10 /* DemoUtilsFlow.swift in Sources */,
				D657A5262CBA6B6200B6AF10 /* DemoUtils+Make.swift in Sources */,
				D657A5272CBA6B6200B6AF10 /* DemoUtilsEditRequest+Make.swift in Sources */,
				D657A5282CBA6B6200B6AF10 /* ShakableViewRepresentable.swift in Sources */,
				D657A5292CBA6B6200B6AF10 /* DemoUtilsRequests+Make.swift in Sources */,
				D657A52A2CBA6B6200B6AF10 /* DemoUtilsModel.swift in Sources */,
				D657A52B2CBA6B6200B6AF10 /* View+DemoUtils.swift in Sources */,
			);
			runOnlyForDeploymentPostprocessing = 0;
		};
/* End PBXSourcesBuildPhase section */

/* Begin XCBuildConfiguration section */
		D657A2E52CBA681B00B6AF10 /* Debug */ = {
			isa = XCBuildConfiguration;
			buildSettings = {
				BUILD_LIBRARY_FOR_DISTRIBUTION = YES;
				CODE_SIGN_STYLE = Automatic;
				CURRENT_PROJECT_VERSION = 1;
				DEFINES_MODULE = YES;
				DEVELOPMENT_TEAM = G9R86P7VXT;
				DYLIB_COMPATIBILITY_VERSION = 1;
				DYLIB_CURRENT_VERSION = 1;
				DYLIB_INSTALL_NAME_BASE = "@rpath";
				ENABLE_MODULE_VERIFIER = YES;
				GENERATE_INFOPLIST_FILE = YES;
				INFOPLIST_KEY_NSHumanReadableCopyright = "";
				INSTALL_PATH = "$(LOCAL_LIBRARY_DIR)/Frameworks";
				LD_RUNPATH_SEARCH_PATHS = (
					"$(inherited)",
					"@executable_path/Frameworks",
					"@loader_path/Frameworks",
				);
				MARKETING_VERSION = 1.0;
				MODULE_VERIFIER_SUPPORTED_LANGUAGES = "objective-c objective-c++";
				MODULE_VERIFIER_SUPPORTED_LANGUAGE_STANDARDS = "gnu17 gnu++20";
				PRODUCT_BUNDLE_IDENTIFIER = com.klyotskin.Demonstration;
				PRODUCT_NAME = "$(TARGET_NAME:c99extidentifier)";
				SKIP_INSTALL = YES;
				SUPPORTED_PLATFORMS = "iphoneos iphonesimulator";
				SUPPORTS_MACCATALYST = NO;
				SUPPORTS_MAC_DESIGNED_FOR_IPHONE_IPAD = NO;
				SUPPORTS_XR_DESIGNED_FOR_IPHONE_IPAD = NO;
				SWIFT_EMIT_LOC_STRINGS = YES;
				SWIFT_INSTALL_OBJC_HEADER = NO;
				SWIFT_VERSION = 5.0;
				TARGETED_DEVICE_FAMILY = 1;
			};
			name = Debug;
		};
		D657A2E62CBA681B00B6AF10 /* Release */ = {
			isa = XCBuildConfiguration;
			buildSettings = {
				BUILD_LIBRARY_FOR_DISTRIBUTION = YES;
				CODE_SIGN_STYLE = Automatic;
				CURRENT_PROJECT_VERSION = 1;
				DEFINES_MODULE = YES;
				DEVELOPMENT_TEAM = G9R86P7VXT;
				DYLIB_COMPATIBILITY_VERSION = 1;
				DYLIB_CURRENT_VERSION = 1;
				DYLIB_INSTALL_NAME_BASE = "@rpath";
				ENABLE_MODULE_VERIFIER = YES;
				GENERATE_INFOPLIST_FILE = YES;
				INFOPLIST_KEY_NSHumanReadableCopyright = "";
				INSTALL_PATH = "$(LOCAL_LIBRARY_DIR)/Frameworks";
				LD_RUNPATH_SEARCH_PATHS = (
					"$(inherited)",
					"@executable_path/Frameworks",
					"@loader_path/Frameworks",
				);
				MARKETING_VERSION = 1.0;
				MODULE_VERIFIER_SUPPORTED_LANGUAGES = "objective-c objective-c++";
				MODULE_VERIFIER_SUPPORTED_LANGUAGE_STANDARDS = "gnu17 gnu++20";
				PRODUCT_BUNDLE_IDENTIFIER = com.klyotskin.Demonstration;
				PRODUCT_NAME = "$(TARGET_NAME:c99extidentifier)";
				SKIP_INSTALL = YES;
				SUPPORTED_PLATFORMS = "iphoneos iphonesimulator";
				SUPPORTS_MACCATALYST = NO;
				SUPPORTS_MAC_DESIGNED_FOR_IPHONE_IPAD = NO;
				SUPPORTS_XR_DESIGNED_FOR_IPHONE_IPAD = NO;
				SWIFT_EMIT_LOC_STRINGS = YES;
				SWIFT_INSTALL_OBJC_HEADER = NO;
				SWIFT_VERSION = 5.0;
				TARGETED_DEVICE_FAMILY = 1;
			};
			name = Release;
		};
		D6B877582CA9923E00424EBD /* Debug */ = {
			isa = XCBuildConfiguration;
			buildSettings = {
				ALWAYS_SEARCH_USER_PATHS = NO;
				ASSETCATALOG_COMPILER_GENERATE_SWIFT_ASSET_SYMBOL_EXTENSIONS = YES;
				CLANG_ANALYZER_NONNULL = YES;
				CLANG_ANALYZER_NUMBER_OBJECT_CONVERSION = YES_AGGRESSIVE;
				CLANG_CXX_LANGUAGE_STANDARD = "gnu++20";
				CLANG_ENABLE_MODULES = YES;
				CLANG_ENABLE_OBJC_ARC = YES;
				CLANG_ENABLE_OBJC_WEAK = YES;
				CLANG_WARN_BLOCK_CAPTURE_AUTORELEASING = YES;
				CLANG_WARN_BOOL_CONVERSION = YES;
				CLANG_WARN_COMMA = YES;
				CLANG_WARN_CONSTANT_CONVERSION = YES;
				CLANG_WARN_DEPRECATED_OBJC_IMPLEMENTATIONS = YES;
				CLANG_WARN_DIRECT_OBJC_ISA_USAGE = YES_ERROR;
				CLANG_WARN_DOCUMENTATION_COMMENTS = YES;
				CLANG_WARN_EMPTY_BODY = YES;
				CLANG_WARN_ENUM_CONVERSION = YES;
				CLANG_WARN_INFINITE_RECURSION = YES;
				CLANG_WARN_INT_CONVERSION = YES;
				CLANG_WARN_NON_LITERAL_NULL_CONVERSION = YES;
				CLANG_WARN_OBJC_IMPLICIT_RETAIN_SELF = YES;
				CLANG_WARN_OBJC_LITERAL_CONVERSION = YES;
				CLANG_WARN_OBJC_ROOT_CLASS = YES_ERROR;
				CLANG_WARN_QUOTED_INCLUDE_IN_FRAMEWORK_HEADER = YES;
				CLANG_WARN_RANGE_LOOP_ANALYSIS = YES;
				CLANG_WARN_STRICT_PROTOTYPES = YES;
				CLANG_WARN_SUSPICIOUS_MOVE = YES;
				CLANG_WARN_UNGUARDED_AVAILABILITY = YES_AGGRESSIVE;
				CLANG_WARN_UNREACHABLE_CODE = YES;
				CLANG_WARN__DUPLICATE_METHOD_MATCH = YES;
				COPY_PHASE_STRIP = NO;
				CURRENT_PROJECT_VERSION = 1;
				DEBUG_INFORMATION_FORMAT = dwarf;
				ENABLE_STRICT_OBJC_MSGSEND = YES;
				ENABLE_TESTABILITY = YES;
				ENABLE_USER_SCRIPT_SANDBOXING = YES;
				GCC_C_LANGUAGE_STANDARD = gnu17;
				GCC_DYNAMIC_NO_PIC = NO;
				GCC_NO_COMMON_BLOCKS = YES;
				GCC_OPTIMIZATION_LEVEL = 0;
				GCC_PREPROCESSOR_DEFINITIONS = (
					"DEBUG=1",
					"$(inherited)",
				);
				GCC_WARN_64_TO_32_BIT_CONVERSION = YES;
				GCC_WARN_ABOUT_RETURN_TYPE = YES_ERROR;
				GCC_WARN_UNDECLARED_SELECTOR = YES;
				GCC_WARN_UNINITIALIZED_AUTOS = YES_AGGRESSIVE;
				GCC_WARN_UNUSED_FUNCTION = YES;
				GCC_WARN_UNUSED_VARIABLE = YES;
				IPHONEOS_DEPLOYMENT_TARGET = 18.0;
				LOCALIZATION_PREFERS_STRING_CATALOGS = YES;
				MTL_ENABLE_DEBUG_INFO = INCLUDE_SOURCE;
				MTL_FAST_MATH = YES;
				ONLY_ACTIVE_ARCH = YES;
				SDKROOT = iphoneos;
				SWIFT_ACTIVE_COMPILATION_CONDITIONS = "DEBUG $(inherited)";
				SWIFT_OPTIMIZATION_LEVEL = "-Onone";
				VERSIONING_SYSTEM = "apple-generic";
				VERSION_INFO_PREFIX = "";
			};
			name = Debug;
		};
		D6B877592CA9923E00424EBD /* Release */ = {
			isa = XCBuildConfiguration;
			buildSettings = {
				ALWAYS_SEARCH_USER_PATHS = NO;
				ASSETCATALOG_COMPILER_GENERATE_SWIFT_ASSET_SYMBOL_EXTENSIONS = YES;
				CLANG_ANALYZER_NONNULL = YES;
				CLANG_ANALYZER_NUMBER_OBJECT_CONVERSION = YES_AGGRESSIVE;
				CLANG_CXX_LANGUAGE_STANDARD = "gnu++20";
				CLANG_ENABLE_MODULES = YES;
				CLANG_ENABLE_OBJC_ARC = YES;
				CLANG_ENABLE_OBJC_WEAK = YES;
				CLANG_WARN_BLOCK_CAPTURE_AUTORELEASING = YES;
				CLANG_WARN_BOOL_CONVERSION = YES;
				CLANG_WARN_COMMA = YES;
				CLANG_WARN_CONSTANT_CONVERSION = YES;
				CLANG_WARN_DEPRECATED_OBJC_IMPLEMENTATIONS = YES;
				CLANG_WARN_DIRECT_OBJC_ISA_USAGE = YES_ERROR;
				CLANG_WARN_DOCUMENTATION_COMMENTS = YES;
				CLANG_WARN_EMPTY_BODY = YES;
				CLANG_WARN_ENUM_CONVERSION = YES;
				CLANG_WARN_INFINITE_RECURSION = YES;
				CLANG_WARN_INT_CONVERSION = YES;
				CLANG_WARN_NON_LITERAL_NULL_CONVERSION = YES;
				CLANG_WARN_OBJC_IMPLICIT_RETAIN_SELF = YES;
				CLANG_WARN_OBJC_LITERAL_CONVERSION = YES;
				CLANG_WARN_OBJC_ROOT_CLASS = YES_ERROR;
				CLANG_WARN_QUOTED_INCLUDE_IN_FRAMEWORK_HEADER = YES;
				CLANG_WARN_RANGE_LOOP_ANALYSIS = YES;
				CLANG_WARN_STRICT_PROTOTYPES = YES;
				CLANG_WARN_SUSPICIOUS_MOVE = YES;
				CLANG_WARN_UNGUARDED_AVAILABILITY = YES_AGGRESSIVE;
				CLANG_WARN_UNREACHABLE_CODE = YES;
				CLANG_WARN__DUPLICATE_METHOD_MATCH = YES;
				COPY_PHASE_STRIP = NO;
				CURRENT_PROJECT_VERSION = 1;
				DEBUG_INFORMATION_FORMAT = "dwarf-with-dsym";
				ENABLE_NS_ASSERTIONS = NO;
				ENABLE_STRICT_OBJC_MSGSEND = YES;
				ENABLE_USER_SCRIPT_SANDBOXING = YES;
				GCC_C_LANGUAGE_STANDARD = gnu17;
				GCC_NO_COMMON_BLOCKS = YES;
				GCC_WARN_64_TO_32_BIT_CONVERSION = YES;
				GCC_WARN_ABOUT_RETURN_TYPE = YES_ERROR;
				GCC_WARN_UNDECLARED_SELECTOR = YES;
				GCC_WARN_UNINITIALIZED_AUTOS = YES_AGGRESSIVE;
				GCC_WARN_UNUSED_FUNCTION = YES;
				GCC_WARN_UNUSED_VARIABLE = YES;
				IPHONEOS_DEPLOYMENT_TARGET = 18.0;
				LOCALIZATION_PREFERS_STRING_CATALOGS = YES;
				MTL_ENABLE_DEBUG_INFO = NO;
				MTL_FAST_MATH = YES;
				SDKROOT = iphoneos;
				SWIFT_COMPILATION_MODE = wholemodule;
				VALIDATE_PRODUCT = YES;
				VERSIONING_SYSTEM = "apple-generic";
				VERSION_INFO_PREFIX = "";
			};
			name = Release;
		};
/* End XCBuildConfiguration section */

/* Begin XCConfigurationList section */
		D657A2E42CBA681B00B6AF10 /* Build configuration list for PBXNativeTarget "Demonstration" */ = {
			isa = XCConfigurationList;
			buildConfigurations = (
				D657A2E52CBA681B00B6AF10 /* Debug */,
				D657A2E62CBA681B00B6AF10 /* Release */,
			);
			defaultConfigurationIsVisible = 0;
			defaultConfigurationName = Release;
		};
		D6B877492CA9923E00424EBD /* Build configuration list for PBXProject "Demonstration" */ = {
			isa = XCConfigurationList;
			buildConfigurations = (
				D6B877582CA9923E00424EBD /* Debug */,
				D6B877592CA9923E00424EBD /* Release */,
			);
			defaultConfigurationIsVisible = 0;
			defaultConfigurationName = Release;
		};
/* End XCConfigurationList section */
	};
	rootObject = D6B877462CA9923E00424EBD /* Project object */;
}
